// !$*UTF8*$!
{
	archiveVersion = 1;
	classes = {
	};
	objectVersion = 55;
	objects = {

/* Begin PBXBuildFile section */
		2042D44C288B714100E99810 /* AppDelegate.swift in Sources */ = {isa = PBXBuildFile; fileRef = 2042D44B288B714100E99810 /* AppDelegate.swift */; };
		2042D44E288B714100E99810 /* SceneDelegate.swift in Sources */ = {isa = PBXBuildFile; fileRef = 2042D44D288B714100E99810 /* SceneDelegate.swift */; };
		2042D450288B714100E99810 /* ViewController.swift in Sources */ = {isa = PBXBuildFile; fileRef = 2042D44F288B714100E99810 /* ViewController.swift */; };
		2042D453288B714100E99810 /* Main.storyboard in Resources */ = {isa = PBXBuildFile; fileRef = 2042D451288B714100E99810 /* Main.storyboard */; };
		2042D455288B714400E99810 /* Assets.xcassets in Resources */ = {isa = PBXBuildFile; fileRef = 2042D454288B714400E99810 /* Assets.xcassets */; };
		2042D458288B714400E99810 /* LaunchScreen.storyboard in Resources */ = {isa = PBXBuildFile; fileRef = 2042D456288B714400E99810 /* LaunchScreen.storyboard */; };
		2042D461288B75E600E99810 /* ViewHome.swift in Sources */ = {isa = PBXBuildFile; fileRef = 2042D460288B75E600E99810 /* ViewHome.swift */; };
		2042D463288B75F100E99810 /* InteractorHome.swift in Sources */ = {isa = PBXBuildFile; fileRef = 2042D462288B75F100E99810 /* InteractorHome.swift */; };
		2042D465288B75F800E99810 /* PresenterHome.swift in Sources */ = {isa = PBXBuildFile; fileRef = 2042D464288B75F800E99810 /* PresenterHome.swift */; };
		2042D467288B760400E99810 /* EntityHome.swift in Sources */ = {isa = PBXBuildFile; fileRef = 2042D466288B760400E99810 /* EntityHome.swift */; };
		2042D469288B760B00E99810 /* RouterHome.swift in Sources */ = {isa = PBXBuildFile; fileRef = 2042D468288B760B00E99810 /* RouterHome.swift */; };
		2042D46B288B761600E99810 /* ProtocolsHome.swift in Sources */ = {isa = PBXBuildFile; fileRef = 2042D46A288B761600E99810 /* ProtocolsHome.swift */; };
		2042D46D288B790700E99810 /* EntryPoint.swift in Sources */ = {isa = PBXBuildFile; fileRef = 2042D46C288B790700E99810 /* EntryPoint.swift */; };
		2042D470288B7CFB00E99810 /* PostCell.swift in Sources */ = {isa = PBXBuildFile; fileRef = 2042D46F288B7CFB00E99810 /* PostCell.swift */; };
		2042D473288B873100E99810 /* SnapKit in Frameworks */ = {isa = PBXBuildFile; productRef = 2042D472288B873100E99810 /* SnapKit */; };
/* End PBXBuildFile section */

/* Begin PBXFileReference section */
		2042D448288B714100E99810 /* the.beginning.app */ = {isa = PBXFileReference; explicitFileType = wrapper.application; includeInIndex = 0; path = the.beginning.app; sourceTree = BUILT_PRODUCTS_DIR; };
		2042D44B288B714100E99810 /* AppDelegate.swift */ = {isa = PBXFileReference; lastKnownFileType = sourcecode.swift; path = AppDelegate.swift; sourceTree = "<group>"; };
		2042D44D288B714100E99810 /* SceneDelegate.swift */ = {isa = PBXFileReference; lastKnownFileType = sourcecode.swift; path = SceneDelegate.swift; sourceTree = "<group>"; };
		2042D44F288B714100E99810 /* ViewController.swift */ = {isa = PBXFileReference; lastKnownFileType = sourcecode.swift; path = ViewController.swift; sourceTree = "<group>"; };
		2042D452288B714100E99810 /* Base */ = {isa = PBXFileReference; lastKnownFileType = file.storyboard; name = Base; path = Base.lproj/Main.storyboard; sourceTree = "<group>"; };
		2042D454288B714400E99810 /* Assets.xcassets */ = {isa = PBXFileReference; lastKnownFileType = folder.assetcatalog; path = Assets.xcassets; sourceTree = "<group>"; };
		2042D457288B714400E99810 /* Base */ = {isa = PBXFileReference; lastKnownFileType = file.storyboard; name = Base; path = Base.lproj/LaunchScreen.storyboard; sourceTree = "<group>"; };
		2042D459288B714400E99810 /* Info.plist */ = {isa = PBXFileReference; lastKnownFileType = text.plist.xml; path = Info.plist; sourceTree = "<group>"; };
		2042D460288B75E600E99810 /* ViewHome.swift */ = {isa = PBXFileReference; lastKnownFileType = sourcecode.swift; path = ViewHome.swift; sourceTree = "<group>"; };
		2042D462288B75F100E99810 /* InteractorHome.swift */ = {isa = PBXFileReference; lastKnownFileType = sourcecode.swift; path = InteractorHome.swift; sourceTree = "<group>"; };
		2042D464288B75F800E99810 /* PresenterHome.swift */ = {isa = PBXFileReference; lastKnownFileType = sourcecode.swift; path = PresenterHome.swift; sourceTree = "<group>"; };
		2042D466288B760400E99810 /* EntityHome.swift */ = {isa = PBXFileReference; lastKnownFileType = sourcecode.swift; path = EntityHome.swift; sourceTree = "<group>"; };
		2042D468288B760B00E99810 /* RouterHome.swift */ = {isa = PBXFileReference; lastKnownFileType = sourcecode.swift; path = RouterHome.swift; sourceTree = "<group>"; };
		2042D46A288B761600E99810 /* ProtocolsHome.swift */ = {isa = PBXFileReference; lastKnownFileType = sourcecode.swift; path = ProtocolsHome.swift; sourceTree = "<group>"; };
		2042D46C288B790700E99810 /* EntryPoint.swift */ = {isa = PBXFileReference; lastKnownFileType = sourcecode.swift; path = EntryPoint.swift; sourceTree = "<group>"; };
		2042D46F288B7CFB00E99810 /* PostCell.swift */ = {isa = PBXFileReference; lastKnownFileType = sourcecode.swift; path = PostCell.swift; sourceTree = "<group>"; };
/* End PBXFileReference section */

/* Begin PBXFrameworksBuildPhase section */
		2042D445288B714100E99810 /* Frameworks */ = {
			isa = PBXFrameworksBuildPhase;
			buildActionMask = 2147483647;
			files = (
				2042D473288B873100E99810 /* SnapKit in Frameworks */,
			);
			runOnlyForDeploymentPostprocessing = 0;
		};
/* End PBXFrameworksBuildPhase section */

/* Begin PBXGroup section */
		2042D43F288B714100E99810 = {
			isa = PBXGroup;
			children = (
				2042D44A288B714100E99810 /* the.beginning */,
				2042D449288B714100E99810 /* Products */,
			);
			sourceTree = "<group>";
		};
		2042D449288B714100E99810 /* Products */ = {
			isa = PBXGroup;
			children = (
				2042D448288B714100E99810 /* the.beginning.app */,
			);
			name = Products;
			sourceTree = "<group>";
		};
		2042D44A288B714100E99810 /* the.beginning */ = {
			isa = PBXGroup;
			children = (
				2042D45F288B75CD00E99810 /* Home */,
				2042D44B288B714100E99810 /* AppDelegate.swift */,
				2042D44D288B714100E99810 /* SceneDelegate.swift */,
				2042D44F288B714100E99810 /* ViewController.swift */,
				2042D451288B714100E99810 /* Main.storyboard */,
				2042D454288B714400E99810 /* Assets.xcassets */,
				2042D456288B714400E99810 /* LaunchScreen.storyboard */,
				2042D459288B714400E99810 /* Info.plist */,
				2042D46C288B790700E99810 /* EntryPoint.swift */,
			);
			path = the.beginning;
			sourceTree = "<group>";
		};
		2042D45F288B75CD00E99810 /* Home */ = {
			isa = PBXGroup;
			children = (
				2042D46E288B7CDB00E99810 /* View */,
				2042D462288B75F100E99810 /* InteractorHome.swift */,
				2042D464288B75F800E99810 /* PresenterHome.swift */,
				2042D466288B760400E99810 /* EntityHome.swift */,
				2042D468288B760B00E99810 /* RouterHome.swift */,
				2042D46A288B761600E99810 /* ProtocolsHome.swift */,
			);
			path = Home;
			sourceTree = "<group>";
		};
		2042D46E288B7CDB00E99810 /* View */ = {
			isa = PBXGroup;
			children = (
				2042D460288B75E600E99810 /* ViewHome.swift */,
				2042D46F288B7CFB00E99810 /* PostCell.swift */,
			);
			path = View;
			sourceTree = "<group>";
		};
/* End PBXGroup section */

/* Begin PBXNativeTarget section */
		2042D447288B714100E99810 /* the.beginning */ = {
			isa = PBXNativeTarget;
			buildConfigurationList = 2042D45C288B714400E99810 /* Build configuration list for PBXNativeTarget "the.beginning" */;
			buildPhases = (
				2042D444288B714100E99810 /* Sources */,
				2042D445288B714100E99810 /* Frameworks */,
				2042D446288B714100E99810 /* Resources */,
			);
			buildRules = (
			);
			dependencies = (
			);
			name = the.beginning;
			packageProductDependencies = (
				2042D472288B873100E99810 /* SnapKit */,
			);
			productName = the.beginning;
			productReference = 2042D448288B714100E99810 /* the.beginning.app */;
			productType = "com.apple.product-type.application";
		};
/* End PBXNativeTarget section */

/* Begin PBXProject section */
		2042D440288B714100E99810 /* Project object */ = {
			isa = PBXProject;
			attributes = {
				BuildIndependentTargetsInParallel = 1;
				LastSwiftUpdateCheck = 1340;
				LastUpgradeCheck = 1340;
				TargetAttributes = {
					2042D447288B714100E99810 = {
						CreatedOnToolsVersion = 13.4.1;
					};
				};
			};
			buildConfigurationList = 2042D443288B714100E99810 /* Build configuration list for PBXProject "the.beginning" */;
			compatibilityVersion = "Xcode 13.0";
			developmentRegion = en;
			hasScannedForEncodings = 0;
			knownRegions = (
				en,
				Base,
			);
			mainGroup = 2042D43F288B714100E99810;
			packageReferences = (
				2042D471288B873000E99810 /* XCRemoteSwiftPackageReference "SnapKit" */,
			);
			productRefGroup = 2042D449288B714100E99810 /* Products */;
			projectDirPath = "";
			projectRoot = "";
			targets = (
				2042D447288B714100E99810 /* the.beginning */,
			);
		};
/* End PBXProject section */

/* Begin PBXResourcesBuildPhase section */
		2042D446288B714100E99810 /* Resources */ = {
			isa = PBXResourcesBuildPhase;
			buildActionMask = 2147483647;
			files = (
				2042D458288B714400E99810 /* LaunchScreen.storyboard in Resources */,
				2042D455288B714400E99810 /* Assets.xcassets in Resources */,
				2042D453288B714100E99810 /* Main.storyboard in Resources */,
			);
			runOnlyForDeploymentPostprocessing = 0;
		};
/* End PBXResourcesBuildPhase section */

/* Begin PBXSourcesBuildPhase section */
		2042D444288B714100E99810 /* Sources */ = {
			isa = PBXSourcesBuildPhase;
			buildActionMask = 2147483647;
			files = (
				2042D450288B714100E99810 /* ViewController.swift in Sources */,
				2042D46D288B790700E99810 /* EntryPoint.swift in Sources */,
				2042D46B288B761600E99810 /* ProtocolsHome.swift in Sources */,
				2042D465288B75F800E99810 /* PresenterHome.swift in Sources */,
				2042D461288B75E600E99810 /* ViewHome.swift in Sources */,
				2042D44C288B714100E99810 /* AppDelegate.swift in Sources */,
				2042D467288B760400E99810 /* EntityHome.swift in Sources */,
				2042D469288B760B00E99810 /* RouterHome.swift in Sources */,
				2042D470288B7CFB00E99810 /* PostCell.swift in Sources */,
				2042D463288B75F100E99810 /* InteractorHome.swift in Sources */,
				2042D44E288B714100E99810 /* SceneDelegate.swift in Sources */,
			);
			runOnlyForDeploymentPostprocessing = 0;
		};
/* End PBXSourcesBuildPhase section */

/* Begin PBXVariantGroup section */
		2042D451288B714100E99810 /* Main.storyboard */ = {
			isa = PBXVariantGroup;
			children = (
				2042D452288B714100E99810 /* Base */,
			);
			name = Main.storyboard;
			sourceTree = "<group>";
		};
		2042D456288B714400E99810 /* LaunchScreen.storyboard */ = {
			isa = PBXVariantGroup;
			children = (
				2042D457288B714400E99810 /* Base */,
			);
			name = LaunchScreen.storyboard;
			sourceTree = "<group>";
		};
/* End PBXVariantGroup section */

/* Begin XCBuildConfiguration section */
		2042D45A288B714400E99810 /* Debug */ = {
			isa = XCBuildConfiguration;
			buildSettings = {
				ALWAYS_SEARCH_USER_PATHS = NO;
				CLANG_ANALYZER_NONNULL = YES;
				CLANG_ANALYZER_NUMBER_OBJECT_CONVERSION = YES_AGGRESSIVE;
				CLANG_CXX_LANGUAGE_STANDARD = "gnu++17";
				CLANG_ENABLE_MODULES = YES;
				CLANG_ENABLE_OBJC_ARC = YES;
				CLANG_ENABLE_OBJC_WEAK = YES;
				CLANG_WARN_BLOCK_CAPTURE_AUTORELEASING = YES;
				CLANG_WARN_BOOL_CONVERSION = YES;
				CLANG_WARN_COMMA = YES;
				CLANG_WARN_CONSTANT_CONVERSION = YES;
				CLANG_WARN_DEPRECATED_OBJC_IMPLEMENTATIONS = YES;
				CLANG_WARN_DIRECT_OBJC_ISA_USAGE = YES_ERROR;
				CLANG_WARN_DOCUMENTATION_COMMENTS = YES;
				CLANG_WARN_EMPTY_BODY = YES;
				CLANG_WARN_ENUM_CONVERSION = YES;
				CLANG_WARN_INFINITE_RECURSION = YES;
				CLANG_WARN_INT_CONVERSION = YES;
				CLANG_WARN_NON_LITERAL_NULL_CONVERSION = YES;
				CLANG_WARN_OBJC_IMPLICIT_RETAIN_SELF = YES;
				CLANG_WARN_OBJC_LITERAL_CONVERSION = YES;
				CLANG_WARN_OBJC_ROOT_CLASS = YES_ERROR;
				CLANG_WARN_QUOTED_INCLUDE_IN_FRAMEWORK_HEADER = YES;
				CLANG_WARN_RANGE_LOOP_ANALYSIS = YES;
				CLANG_WARN_STRICT_PROTOTYPES = YES;
				CLANG_WARN_SUSPICIOUS_MOVE = YES;
				CLANG_WARN_UNGUARDED_AVAILABILITY = YES_AGGRESSIVE;
				CLANG_WARN_UNREACHABLE_CODE = YES;
				CLANG_WARN__DUPLICATE_METHOD_MATCH = YES;
				COPY_PHASE_STRIP = NO;
				DEBUG_INFORMATION_FORMAT = dwarf;
				ENABLE_STRICT_OBJC_MSGSEND = YES;
				ENABLE_TESTABILITY = YES;
				GCC_C_LANGUAGE_STANDARD = gnu11;
				GCC_DYNAMIC_NO_PIC = NO;
				GCC_NO_COMMON_BLOCKS = YES;
				GCC_OPTIMIZATION_LEVEL = 0;
				GCC_PREPROCESSOR_DEFINITIONS = (
					"DEBUG=1",
					"$(inherited)",
				);
				GCC_WARN_64_TO_32_BIT_CONVERSION = YES;
				GCC_WARN_ABOUT_RETURN_TYPE = YES_ERROR;
				GCC_WARN_UNDECLARED_SELECTOR = YES;
				GCC_WARN_UNINITIALIZED_AUTOS = YES_AGGRESSIVE;
				GCC_WARN_UNUSED_FUNCTION = YES;
				GCC_WARN_UNUSED_VARIABLE = YES;
				IPHONEOS_DEPLOYMENT_TARGET = 15.5;
				MTL_ENABLE_DEBUG_INFO = INCLUDE_SOURCE;
				MTL_FAST_MATH = YES;
				ONLY_ACTIVE_ARCH = YES;
				SDKROOT = iphoneos;
				SWIFT_ACTIVE_COMPILATION_CONDITIONS = DEBUG;
				SWIFT_OPTIMIZATION_LEVEL = "-Onone";
			};
			name = Debug;
		};
		2042D45B288B714400E99810 /* Release */ = {
			isa = XCBuildConfiguration;
			buildSettings = {
				ALWAYS_SEARCH_USER_PATHS = NO;
				CLANG_ANALYZER_NONNULL = YES;
				CLANG_ANALYZER_NUMBER_OBJECT_CONVERSION = YES_AGGRESSIVE;
				CLANG_CXX_LANGUAGE_STANDARD = "gnu++17";
				CLANG_ENABLE_MODULES = YES;
				CLANG_ENABLE_OBJC_ARC = YES;
				CLANG_ENABLE_OBJC_WEAK = YES;
				CLANG_WARN_BLOCK_CAPTURE_AUTORELEASING = YES;
				CLANG_WARN_BOOL_CONVERSION = YES;
				CLANG_WARN_COMMA = YES;
				CLANG_WARN_CONSTANT_CONVERSION = YES;
				CLANG_WARN_DEPRECATED_OBJC_IMPLEMENTATIONS = YES;
				CLANG_WARN_DIRECT_OBJC_ISA_USAGE = YES_ERROR;
				CLANG_WARN_DOCUMENTATION_COMMENTS = YES;
				CLANG_WARN_EMPTY_BODY = YES;
				CLANG_WARN_ENUM_CONVERSION = YES;
				CLANG_WARN_INFINITE_RECURSION = YES;
				CLANG_WARN_INT_CONVERSION = YES;
				CLANG_WARN_NON_LITERAL_NULL_CONVERSION = YES;
				CLANG_WARN_OBJC_IMPLICIT_RETAIN_SELF = YES;
				CLANG_WARN_OBJC_LITERAL_CONVERSION = YES;
				CLANG_WARN_OBJC_ROOT_CLASS = YES_ERROR;
				CLANG_WARN_QUOTED_INCLUDE_IN_FRAMEWORK_HEADER = YES;
				CLANG_WARN_RANGE_LOOP_ANALYSIS = YES;
				CLANG_WARN_STRICT_PROTOTYPES = YES;
				CLANG_WARN_SUSPICIOUS_MOVE = YES;
				CLANG_WARN_UNGUARDED_AVAILABILITY = YES_AGGRESSIVE;
				CLANG_WARN_UNREACHABLE_CODE = YES;
				CLANG_WARN__DUPLICATE_METHOD_MATCH = YES;
				COPY_PHASE_STRIP = NO;
				DEBUG_INFORMATION_FORMAT = "dwarf-with-dsym";
				ENABLE_NS_ASSERTIONS = NO;
				ENABLE_STRICT_OBJC_MSGSEND = YES;
				GCC_C_LANGUAGE_STANDARD = gnu11;
				GCC_NO_COMMON_BLOCKS = YES;
				GCC_WARN_64_TO_32_BIT_CONVERSION = YES;
				GCC_WARN_ABOUT_RETURN_TYPE = YES_ERROR;
				GCC_WARN_UNDECLARED_SELECTOR = YES;
				GCC_WARN_UNINITIALIZED_AUTOS = YES_AGGRESSIVE;
				GCC_WARN_UNUSED_FUNCTION = YES;
				GCC_WARN_UNUSED_VARIABLE = YES;
				IPHONEOS_DEPLOYMENT_TARGET = 15.5;
				MTL_ENABLE_DEBUG_INFO = NO;
				MTL_FAST_MATH = YES;
				SDKROOT = iphoneos;
				SWIFT_COMPILATION_MODE = wholemodule;
				SWIFT_OPTIMIZATION_LEVEL = "-O";
				VALIDATE_PRODUCT = YES;
			};
			name = Release;
		};
		2042D45D288B714400E99810 /* Debug */ = {
			isa = XCBuildConfiguration;
			buildSettings = {
				ASSETCATALOG_COMPILER_APPICON_NAME = AppIcon;
				ASSETCATALOG_COMPILER_GLOBAL_ACCENT_COLOR_NAME = AccentColor;
				CODE_SIGN_STYLE = Automatic;
				CURRENT_PROJECT_VERSION = 1;
				DEVELOPMENT_TEAM = 2LHPW6Q3DY;
				GENERATE_INFOPLIST_FILE = YES;
				INFOPLIST_FILE = the.beginning/Info.plist;
				INFOPLIST_KEY_UIApplicationSupportsIndirectInputEvents = YES;
				INFOPLIST_KEY_UILaunchStoryboardName = LaunchScreen;
				INFOPLIST_KEY_UISupportedInterfaceOrientations_iPad = "UIInterfaceOrientationPortrait UIInterfaceOrientationPortraitUpsideDown UIInterfaceOrientationLandscapeLeft UIInterfaceOrientationLandscapeRight";
				INFOPLIST_KEY_UISupportedInterfaceOrientations_iPhone = "UIInterfaceOrientationPortrait UIInterfaceOrientationLandscapeLeft UIInterfaceOrientationLandscapeRight";
				INFOPLIST_KEY_UIUserInterfaceStyle = light;
				LD_RUNPATH_SEARCH_PATHS = (
					"$(inherited)",
					"@executable_path/Frameworks",
				);
				MARKETING_VERSION = 1.0;
				PRODUCT_BUNDLE_IDENTIFIER = "com.rosenvb.the-beginning";
				PRODUCT_NAME = "$(TARGET_NAME)";
				SWIFT_EMIT_LOC_STRINGS = YES;
				SWIFT_VERSION = 5.0;
				TARGETED_DEVICE_FAMILY = 1;
			};
			name = Debug;
		};
		2042D45E288B714400E99810 /* Release */ = {
			isa = XCBuildConfiguration;
			buildSettings = {
				ASSETCATALOG_COMPILER_APPICON_NAME = AppIcon;
				ASSETCATALOG_COMPILER_GLOBAL_ACCENT_COLOR_NAME = AccentColor;
				CODE_SIGN_STYLE = Automatic;
				CURRENT_PROJECT_VERSION = 1;
				DEVELOPMENT_TEAM = 2LHPW6Q3DY;
				GENERATE_INFOPLIST_FILE = YES;
				INFOPLIST_FILE = the.beginning/Info.plist;
				INFOPLIST_KEY_UIApplicationSupportsIndirectInputEvents = YES;
				INFOPLIST_KEY_UILaunchStoryboardName = LaunchScreen;
				INFOPLIST_KEY_UISupportedInterfaceOrientations_iPad = "UIInterfaceOrientationPortrait UIInterfaceOrientationPortraitUpsideDown UIInterfaceOrientationLandscapeLeft UIInterfaceOrientationLandscapeRight";
				INFOPLIST_KEY_UISupportedInterfaceOrientations_iPhone = "UIInterfaceOrientationPortrait UIInterfaceOrientationLandscapeLeft UIInterfaceOrientationLandscapeRight";
				INFOPLIST_KEY_UIUserInterfaceStyle = light;
				LD_RUNPATH_SEARCH_PATHS = (
					"$(inherited)",
					"@executable_path/Frameworks",
				);
				MARKETING_VERSION = 1.0;
				PRODUCT_BUNDLE_IDENTIFIER = "com.rosenvb.the-beginning";
				PRODUCT_NAME = "$(TARGET_NAME)";
				SWIFT_EMIT_LOC_STRINGS = YES;
				SWIFT_VERSION = 5.0;
				TARGETED_DEVICE_FAMILY = 1;
			};
			name = Release;
		};
/* End XCBuildConfiguration section */

/* Begin XCConfigurationList section */
		2042D443288B714100E99810 /* Build configuration list for PBXProject "the.beginning" */ = {
			isa = XCConfigurationList;
			buildConfigurations = (
				2042D45A288B714400E99810 /* Debug */,
				2042D45B288B714400E99810 /* Release */,
			);
			defaultConfigurationIsVisible = 0;
			defaultConfigurationName = Release;
		};
		2042D45C288B714400E99810 /* Build configuration list for PBXNativeTarget "the.beginning" */ = {
			isa = XCConfigurationList;
			buildConfigurations = (
				2042D45D288B714400E99810 /* Debug */,
				2042D45E288B714400E99810 /* Release */,
			);
			defaultConfigurationIsVisible = 0;
			defaultConfigurationName = Release;
		};
/* End XCConfigurationList section */

/* Begin XCRemoteSwiftPackageReference section */
		2042D471288B873000E99810 /* XCRemoteSwiftPackageReference "SnapKit" */ = {
			isa = XCRemoteSwiftPackageReference;
			repositoryURL = "https://github.com/SnapKit/SnapKit.git";
			requirement = {
				branch = develop;
				kind = branch;
			};
		};
/* End XCRemoteSwiftPackageReference section */

/* Begin XCSwiftPackageProductDependency section */
		2042D472288B873100E99810 /* SnapKit */ = {
			isa = XCSwiftPackageProductDependency;
			package = 2042D471288B873000E99810 /* XCRemoteSwiftPackageReference "SnapKit" */;
			productName = SnapKit;
		};
/* End XCSwiftPackageProductDependency section */
	};
	rootObject = 2042D440288B714100E99810 /* Project object */;
}
